
Microsoft Visual Studio Solution File, Format Version 12.00
# Visual Studio Version 17
VisualStudioVersion = 17.4.33213.308
MinimumVisualStudioVersion = 10.0.40219.1
Project("{FAE04EC0-301F-11D3-BF4B-00C04F79EFBC}") = "CarRent", "CarRent.csproj", "{13988601-94BE-4A78-953F-A25452462058}"
EndProject
Project("{FAE04EC0-301F-11D3-BF4B-00C04F79EFBC}") = "WpfControlLibrary1", "..\WpfControlLibrary1\WpfControlLibrary1.csproj", "{8D7B7A35-189B-401C-B8CA-68BF3B65257F}"
EndProject
Global
	GlobalSection(SolutionConfigurationPlatforms) = preSolution
		Debug|Any CPU = Debug|Any CPU
		Release|Any CPU = Release|Any CPU
	EndGlobalSection
	GlobalSection(ProjectConfigurationPlatforms) = postSolution
		{13988601-94BE-4A78-953F-A25452462058}.Debug|Any CPU.ActiveCfg = Debug|Any CPU
		{13988601-94BE-4A78-953F-A25452462058}.Debug|Any CPU.Build.0 = Debug|Any CPU
		{13988601-94BE-4A78-953F-A25452462058}.Release|Any CPU.ActiveCfg = Release|Any CPU
		{13988601-94BE-4A78-953F-A25452462058}.Release|Any CPU.Build.0 = Release|Any CPU
		{8D7B7A35-189B-401C-B8CA-68BF3B65257F}.Debug|Any CPU.ActiveCfg = Debug|Any CPU
		{8D7B7A35-189B-401C-B8CA-68BF3B65257F}.Debug|Any CPU.Build.0 = Debug|Any CPU
		{8D7B7A35-189B-401C-B8CA-68BF3B65257F}.Release|Any CPU.ActiveCfg = Release|Any CPU
		{8D7B7A35-189B-401C-B8CA-68BF3B65257F}.Release|Any CPU.Build.0 = Release|Any CPU
	EndGlobalSection
	GlobalSection(SolutionProperties) = preSolution
		HideSolutionNode = FALSE
	EndGlobalSection
	GlobalSection(ExtensibilityGlobals) = postSolution
		SolutionGuid = {CA5FB1F6-637D-4105-8EC0-A752911E7A34}
	EndGlobalSection
EndGlobal
